
Microsoft Visual Studio Solution File, Format Version 12.00
Project("{FAE04EC0-301F-11D3-BF4B-00C04F79EFBC}") = "StandingOrderCase.Api", "src\StandingOrderCase.Api\StandingOrderCase.Api.csproj", "{D84DDA9A-C957-4C96-A390-7B3DB9918C1E}"
EndProject
Project("{FAE04EC0-301F-11D3-BF4B-00C04F79EFBC}") = "StandingOrderCase.Tests", "src\StandingOrderCase.Tests\StandingOrderCase.Tests.csproj", "{7C7EA698-A272-43BC-A28C-932D8F4EF072}"
EndProject
Global
	GlobalSection(SolutionConfigurationPlatforms) = preSolution
		Debug|Any CPU = Debug|Any CPU
		Release|Any CPU = Release|Any CPU
	EndGlobalSection
	GlobalSection(ProjectConfigurationPlatforms) = postSolution
		{D84DDA9A-C957-4C96-A390-7B3DB9918C1E}.Debug|Any CPU.ActiveCfg = Debug|Any CPU
		{D84DDA9A-C957-4C96-A390-7B3DB9918C1E}.Debug|Any CPU.Build.0 = Debug|Any CPU
		{D84DDA9A-C957-4C96-A390-7B3DB9918C1E}.Release|Any CPU.ActiveCfg = Release|Any CPU
		{D84DDA9A-C957-4C96-A390-7B3DB9918C1E}.Release|Any CPU.Build.0 = Release|Any CPU
		{7C7EA698-A272-43BC-A28C-932D8F4EF072}.Debug|Any CPU.ActiveCfg = Debug|Any CPU
		{7C7EA698-A272-43BC-A28C-932D8F4EF072}.Debug|Any CPU.Build.0 = Debug|Any CPU
		{7C7EA698-A272-43BC-A28C-932D8F4EF072}.Release|Any CPU.ActiveCfg = Release|Any CPU
		{7C7EA698-A272-43BC-A28C-932D8F4EF072}.Release|Any CPU.Build.0 = Release|Any CPU
	EndGlobalSection
EndGlobal
